
Microsoft Visual Studio Solution File, Format Version 12.00
# Visual Studio Version 16
VisualStudioVersion = 16.0.28606.126
MinimumVisualStudioVersion = 10.0.40219.1
Project("{2150E333-8FDC-42A3-9474-1A3956D46DE8}") = "Tests", "Tests", "{2902FDFD-016E-4BF7-8B41-53D674FA53DD}"
EndProject
Project("{9A19103F-16F7-4668-BE54-9A1E7A4F7556}") = "nt.Shared", "Source\nt.Shared\nt.Shared.csproj", "{13C4E03F-0B96-47D4-8955-B7DDCFC47C60}"
EndProject
Project("{9A19103F-16F7-4668-BE54-9A1E7A4F7556}") = "nt.Server", "Source\nt.Server\nt.Server.csproj", "{9BBAB007-9966-43D5-9962-10E953C6E638}"
EndProject
Project("{9A19103F-16F7-4668-BE54-9A1E7A4F7556}") = "nt.Client", "Source\nt.Client\nt.Client.csproj", "{9DD8A415-5BF7-46F9-9E69-7A143E67DD50}"
EndProject
Project("{9A19103F-16F7-4668-BE54-9A1E7A4F7556}") = "nt.Client.Integration.Tests", "Tests\nt.Client.Integration.Tests\nt.Client.Integration.Tests.csproj", "{47E16552-5978-4713-91C7-29517A7423DD}"
EndProject
Project("{9A19103F-16F7-4668-BE54-9A1E7A4F7556}") = "nt.EndToEnd.Tests", "Tests\nt.EndToEnd.Tests\nt.EndToEnd.Tests.csproj", "{789BEF2D-35C5-4236-BADB-2FC39154EC1E}"
EndProject
Project("{9A19103F-16F7-4668-BE54-9A1E7A4F7556}") = "nt.Server.Integration.Tests", "Tests\nt.Server.Integration.Tests\nt.Server.Integration.Tests.csproj", "{72938036-3887-4D4A-BB02-30AA26AB44DE}"
EndProject
Global
	GlobalSection(SolutionConfigurationPlatforms) = preSolution
		Debug|Any CPU = Debug|Any CPU
		Release|Any CPU = Release|Any CPU
	EndGlobalSection
	GlobalSection(ProjectConfigurationPlatforms) = postSolution
		{13C4E03F-0B96-47D4-8955-B7DDCFC47C60}.Debug|Any CPU.ActiveCfg = Debug|Any CPU
		{13C4E03F-0B96-47D4-8955-B7DDCFC47C60}.Debug|Any CPU.Build.0 = Debug|Any CPU
		{13C4E03F-0B96-47D4-8955-B7DDCFC47C60}.Release|Any CPU.ActiveCfg = Release|Any CPU
		{13C4E03F-0B96-47D4-8955-B7DDCFC47C60}.Release|Any CPU.Build.0 = Release|Any CPU
		{9BBAB007-9966-43D5-9962-10E953C6E638}.Debug|Any CPU.ActiveCfg = Debug|Any CPU
		{9BBAB007-9966-43D5-9962-10E953C6E638}.Debug|Any CPU.Build.0 = Debug|Any CPU
		{9BBAB007-9966-43D5-9962-10E953C6E638}.Release|Any CPU.ActiveCfg = Release|Any CPU
		{9BBAB007-9966-43D5-9962-10E953C6E638}.Release|Any CPU.Build.0 = Release|Any CPU
		{9DD8A415-5BF7-46F9-9E69-7A143E67DD50}.Debug|Any CPU.ActiveCfg = Debug|Any CPU
		{9DD8A415-5BF7-46F9-9E69-7A143E67DD50}.Debug|Any CPU.Build.0 = Debug|Any CPU
		{9DD8A415-5BF7-46F9-9E69-7A143E67DD50}.Release|Any CPU.ActiveCfg = Release|Any CPU
		{9DD8A415-5BF7-46F9-9E69-7A143E67DD50}.Release|Any CPU.Build.0 = Release|Any CPU
		{47E16552-5978-4713-91C7-29517A7423DD}.Debug|Any CPU.ActiveCfg = Debug|Any CPU
		{47E16552-5978-4713-91C7-29517A7423DD}.Debug|Any CPU.Build.0 = Debug|Any CPU
		{47E16552-5978-4713-91C7-29517A7423DD}.Release|Any CPU.ActiveCfg = Release|Any CPU
		{47E16552-5978-4713-91C7-29517A7423DD}.Release|Any CPU.Build.0 = Release|Any CPU
		{789BEF2D-35C5-4236-BADB-2FC39154EC1E}.Debug|Any CPU.ActiveCfg = Debug|Any CPU
		{789BEF2D-35C5-4236-BADB-2FC39154EC1E}.Debug|Any CPU.Build.0 = Debug|Any CPU
		{789BEF2D-35C5-4236-BADB-2FC39154EC1E}.Release|Any CPU.ActiveCfg = Release|Any CPU
		{789BEF2D-35C5-4236-BADB-2FC39154EC1E}.Release|Any CPU.Build.0 = Release|Any CPU
		{72938036-3887-4D4A-BB02-30AA26AB44DE}.Debug|Any CPU.ActiveCfg = Debug|Any CPU
		{72938036-3887-4D4A-BB02-30AA26AB44DE}.Debug|Any CPU.Build.0 = Debug|Any CPU
		{72938036-3887-4D4A-BB02-30AA26AB44DE}.Release|Any CPU.ActiveCfg = Release|Any CPU
		{72938036-3887-4D4A-BB02-30AA26AB44DE}.Release|Any CPU.Build.0 = Release|Any CPU
	EndGlobalSection
	GlobalSection(SolutionProperties) = preSolution
		HideSolutionNode = FALSE
	EndGlobalSection
	GlobalSection(NestedProjects) = preSolution
		{47E16552-5978-4713-91C7-29517A7423DD} = {2902FDFD-016E-4BF7-8B41-53D674FA53DD}
		{789BEF2D-35C5-4236-BADB-2FC39154EC1E} = {2902FDFD-016E-4BF7-8B41-53D674FA53DD}
		{72938036-3887-4D4A-BB02-30AA26AB44DE} = {2902FDFD-016E-4BF7-8B41-53D674FA53DD}
	EndGlobalSection
	GlobalSection(ExtensibilityGlobals) = postSolution
		SolutionGuid = {16FA64C2-4A0E-42D4-94E6-C8CFDE84597E}
	EndGlobalSection
EndGlobal
